{
  "name": "agy-cli-usage",
  "version": "0.2.0",
  "lockfileVersion": 3,
  "requires": true,
  "packages": {
    "": {
      "name": "agy-cli-usage",
      "version": "0.2.0",
      "license": "MIT",
      "dependencies": {
        "@napi-rs/keyring": "^1.3.0",
        "@xterm/headless": "^6.0.0"
      },
      "bin": {
        "agy-cli-usage": "src/main.js",
        "agy-usage": "src/main.js"
      },
      "devDependencies": {
        "conventional-changelog-cli": "^5.0.0"
      },
      "engines": {
        "node": ">=18"
      },
      "optionalDependencies": {
        "node-pty": "^1.0.0"
      }
    },
    "node_modules/@babel/code-frame": {
      "version": "7.29.7",
      "resolved": "http://repo.calsplatz.com:4873/@babel%2fcode-frame/-/code-frame-7.29.7.tgz",
      "integrity": "sha512-Aup7aUOfpbAUg2ROOJN6Iw5f9DMBlzu0mIkm/malLQFN/YQgO48wCj0Kxa3sEHJvPVFg7siR+qRInwXd2qhQKw==",
      "dev": true,
      "license": "MIT",
      "dependencies": {
        "@babel/helper-validator-identifier": "^7.29.7",
        "js-tokens": "^4.0.0",
        "picocolors": "^1.1.1"
      },
      "engines": {
        "node": ">=6.9.0"
      }
    },
    "node_modules/@babel/helper-validator-identifier": {
      "version": "7.29.7",
      "resolved": "http://repo.calsplatz.com:4873/@babel%2fhelper-validator-identifier/-/helper-validator-identifier-7.29.7.tgz",
      "integrity": "sha512-qehxGkRj55h/ff8EMaJ+cYhyaKlHIxqYDn682wQD7RNp9UujOQsHog2uS0r2vzr4pW+sXf90NeeayjcNaX3fFg==",
      "dev": true,
      "license": "MIT",
      "engines": {
        "node": ">=6.9.0"
      }
    },
    "node_modules/@conventional-changelog/git-client": {
      "version": "2.7.0",
      "resolved": "http://repo.calsplatz.com:4873/@conventional-changelog%2fgit-client/-/git-client-2.7.0.tgz",
      "integrity": "sha512-j7A8/LBEQ+3rugMzPXoKYzyUPpw/0CBQCyvtTR7Lmu4olG4yRC/Tfkq79Mr3yuPs0SUitlO2HwGP3gitMJnRFw==",
      "dev": true,
      "license": "MIT",
      "dependencies": {
        "@simple-libs/child-process-utils": "^1.0.0",
        "@simple-libs/stream-utils": "^1.2.0",
        "semver": "^7.5.2"
      },
      "engines": {
        "node": ">=18"
      },
      "peerDependencies": {
        "conventional-commits-filter": "^5.0.0",
        "conventional-commits-parser": "^6.4.0"
      },
      "peerDependenciesMeta": {
        "conventional-commits-filter": {
          "optional": true
        },
        "conventional-commits-parser": {
          "optional": true
        }
      }
    },
    "node_modules/@hutson/parse-repository-url": {
      "version": "5.0.0",
      "resolved": "http://repo.calsplatz.com:4873/@hutson%2fparse-repository-url/-/parse-repository-url-5.0.0.tgz",
      "integrity": "sha512-e5+YUKENATs1JgYHMzTr2MW/NDcXGfYFAuOQU8gJgF/kEh4EqKgfGrfLI67bMD4tbhZVlkigz/9YYwWcbOFthg==",
      "dev": true,
      "license": "Apache-2.0",
      "engines": {
        "node": ">=10.13.0"
      }
    },
    "node_modules/@napi-rs/keyring": {
      "version": "1.3.0",
      "resolved": "http://repo.calsplatz.com:4873/@napi-rs%2fkeyring/-/keyring-1.3.0.tgz",
      "integrity": "sha512-WrOw/bcXm0f9qHkumlT1QlArXSTWqaY9sunsDpOk+yCCorCKMxvWT/a3xko4EYHVdeZoh00yI2TydXn6eyICDA==",
      "license": "MIT",
      "engines": {
        "node": ">= 10"
      },
      "funding": {
        "type": "github",
        "url": "https://github.com/sponsors/Brooooooklyn"
      },
      "optionalDependencies": {
        "@napi-rs/keyring-darwin-arm64": "1.3.0",
        "@napi-rs/keyring-darwin-x64": "1.3.0",
        "@napi-rs/keyring-freebsd-x64": "1.3.0",
        "@napi-rs/keyring-linux-arm-gnueabihf": "1.3.0",
        "@napi-rs/keyring-linux-arm64-gnu": "1.3.0",
        "@napi-rs/keyring-linux-arm64-musl": "1.3.0",
        "@napi-rs/keyring-linux-riscv64-gnu": "1.3.0",
        "@napi-rs/keyring-linux-x64-gnu": "1.3.0",
        "@napi-rs/keyring-linux-x64-musl": "1.3.0",
        "@napi-rs/keyring-win32-arm64-msvc": "1.3.0",
        "@napi-rs/keyring-win32-ia32-msvc": "1.3.0",
        "@napi-rs/keyring-win32-x64-msvc": "1.3.0"
      }
    },
    "node_modules/@napi-rs/keyring-darwin-arm64": {
      "version": "1.3.0",
      "resolved": "http://repo.calsplatz.com:4873/@napi-rs%2fkeyring-darwin-arm64/-/keyring-darwin-arm64-1.3.0.tgz",
      "integrity": "sha512-pl76hJvdYUBn6I24bXiOBMA9nbDapo3I5B+f3OorjDU4dUMSypXeKbOVehJe8fhgTiH24flMyTS3aAIy43xegQ==",
      "cpu": [
        "arm64"
      ],
      "license": "MIT",
      "optional": true,
      "os": [
        "darwin"
      ],
      "engines": {
        "node": ">= 10"
      }
    },
    "node_modules/@napi-rs/keyring-darwin-x64": {
      "version": "1.3.0",
      "resolved": "http://repo.calsplatz.com:4873/@napi-rs%2fkeyring-darwin-x64/-/keyring-darwin-x64-1.3.0.tgz",
      "integrity": "sha512-YcJtEV5LA3cvA4z3BurgxH5IhTsW1JfIvcAAcqcecwk06Si9F9NqkxbZVIfDwQ8oRHgaBmT3zZJnLAotCrVahw==",
      "cpu": [
        "x64"
      ],
      "license": "MIT",
      "optional": true,
      "os": [
        "darwin"
      ],
      "engines": {
        "node": ">= 10"
      }
    },
    "node_modules/@napi-rs/keyring-freebsd-x64": {
      "version": "1.3.0",
      "resolved": "http://repo.calsplatz.com:4873/@napi-rs%2fkeyring-freebsd-x64/-/keyring-freebsd-x64-1.3.0.tgz",
      "integrity": "sha512-vlLf31TGhfRAaxLDBhg8b89ss0HHD/lyNmL5F3UjSaz5CUXElsJmKYq9fqA/B+cZKUEUcLHHGhF0I/CqcFdaVw==",
      "cpu": [
        "x64"
      ],
      "license": "MIT",
      "optional": true,
      "os": [
        "freebsd"
      ],
      "engines": {
        "node": ">= 10"
      }
    },
    "node_modules/@napi-rs/keyring-linux-arm-gnueabihf": {
      "version": "1.3.0",
      "resolved": "http://repo.calsplatz.com:4873/@napi-rs%2fkeyring-linux-arm-gnueabihf/-/keyring-linux-arm-gnueabihf-1.3.0.tgz",
      "integrity": "sha512-KiWdMMu/Inz/bHHIAGrnF7r54FZDYXuHO6UFF/rhIrshUsxbMG1Rl9lEymNtqqsVo927G0VYcb02FzWQ3iBQRQ==",
      "cpu": [
        "arm"
      ],
      "license": "MIT",
      "optional": true,
      "os": [
        "linux"
      ],
      "engines": {
        "node": ">= 10"
      }
    },
    "node_modules/@napi-rs/keyring-linux-arm64-gnu": {
      "version": "1.3.0",
      "resolved": "http://repo.calsplatz.com:4873/@napi-rs%2fkeyring-linux-arm64-gnu/-/keyring-linux-arm64-gnu-1.3.0.tgz",
      "integrity": "sha512-eyKGpY40lm9Jvs1aD294XRH4y7+TlJM0YVAryZeXA6TX0mb4gMkxVXwSQv7MCwgah7raeUd0dKUb4BPAYIgcMg==",
      "cpu": [
        "arm64"
      ],
      "license": "MIT",
      "optional": true,
      "os": [
        "linux"
      ],
      "engines": {
        "node": ">= 10"
      }
    },
    "node_modules/@napi-rs/keyring-linux-arm64-musl": {
      "version": "1.3.0",
      "resolved": "http://repo.calsplatz.com:4873/@napi-rs%2fkeyring-linux-arm64-musl/-/keyring-linux-arm64-musl-1.3.0.tgz",
      "integrity": "sha512-iIK6JWHXAJqDrEyLY3TmswwloVyt2vj+04TZnew+uSJ9gnDO8EwRbp3/iw3LpWaXiDO7VomGO6y8I0Id8uBZSw==",
      "cpu": [
        "arm64"
      ],
      "license": "MIT",
      "optional": true,
      "os": [
        "linux"
      ],
      "engines": {
        "node": ">= 10"
      }
    },
    "node_modules/@napi-rs/keyring-linux-riscv64-gnu": {
      "version": "1.3.0",
      "resolved": "http://repo.calsplatz.com:4873/@napi-rs%2fkeyring-linux-riscv64-gnu/-/keyring-linux-riscv64-gnu-1.3.0.tgz",
      "integrity": "sha512-/PGqrwn6EwgtK6vccASSXJRfOSP4vN1F4ASsIQ+7MdrK6hNvAJ1FZPrIuD5gGGdxezo3F++To2Wq7DbuGIeuNQ==",
      "cpu": [
        "riscv64"
      ],
      "license": "MIT",
      "optional": true,
      "os": [
        "linux"
      ],
      "engines": {
        "node": ">= 10"
      }
    },
    "node_modules/@napi-rs/keyring-linux-x64-gnu": {
      "version": "1.3.0",
      "resolved": "http://repo.calsplatz.com:4873/@napi-rs%2fkeyring-linux-x64-gnu/-/keyring-linux-x64-gnu-1.3.0.tgz",
      "integrity": "sha512-2PDK1WKWTu9lBGq9VvNEkSlQD3O7YwVpmnyN2M3cy4v7NJ/8gDMd9GXv3G+FVXN13uhp4gnnPBS+ScefmEeD2A==",
      "cpu": [
        "x64"
      ],
      "license": "MIT",
      "optional": true,
      "os": [
        "linux"
      ],
      "engines": {
        "node": ">= 10"
      }
    },
    "node_modules/@napi-rs/keyring-linux-x64-musl": {
      "version": "1.3.0",
      "resolved": "http://repo.calsplatz.com:4873/@napi-rs%2fkeyring-linux-x64-musl/-/keyring-linux-x64-musl-1.3.0.tgz",
      "integrity": "sha512-oJ2HkX8YUo46QBkn0pG+HuIKQNqr523q6vBobCn+P95s4C4K6/kLBqHY/1bg5J4ap31DzsznhnFKcfBNBsjCnw==",
      "cpu": [
        "x64"
      ],
      "license": "MIT",
      "optional": true,
      "os": [
        "linux"
      ],
      "engines": {
        "node": ">= 10"
      }
    },
    "node_modules/@napi-rs/keyring-win32-arm64-msvc": {
      "version": "1.3.0",
      "resolved": "http://repo.calsplatz.com:4873/@napi-rs%2fkeyring-win32-arm64-msvc/-/keyring-win32-arm64-msvc-1.3.0.tgz",
      "integrity": "sha512-tOd3c/uAaeoE4ycVlmAdSvygz0Zt3zdca6Y7gokBeIbaRDWpjDIUOpU3MvML59XAaqyuKGsVVu0F/DZb1lHPmw==",
      "cpu": [
        "arm64"
      ],
      "license": "MIT",
      "optional": true,
      "os": [
        "win32"
      ],
      "engines": {
        "node": ">= 10"
      }
    },
    "node_modules/@napi-rs/keyring-win32-ia32-msvc": {
      "version": "1.3.0",
      "resolved": "http://repo.calsplatz.com:4873/@napi-rs%2fkeyring-win32-ia32-msvc/-/keyring-win32-ia32-msvc-1.3.0.tgz",
      "integrity": "sha512-sPSqeAFZMGqP1R++M2JTza7GQJJ/TpCo6JU6Vcd4jnebvOaEDs9b7eipakU1PJdSvhpC2yXMCNRk9gXfrhuwHQ==",
      "cpu": [
        "ia32"
      ],
      "license": "MIT",
      "optional": true,
      "os": [
        "win32"
      ],
      "engines": {
        "node": ">= 10"
      }
    },
    "node_modules/@napi-rs/keyring-win32-x64-msvc": {
      "version": "1.3.0",
      "resolved": "http://repo.calsplatz.com:4873/@napi-rs%2fkeyring-win32-x64-msvc/-/keyring-win32-x64-msvc-1.3.0.tgz",
      "integrity": "sha512-4DnCWXwDc0HRKwyRlG5y0VhKZW2tNRQfKKfyj6IX/KWfDNyq9hn4n+GL1auyDcOO/v8PwnhmYo2+rOOqCkvvOg==",
      "cpu": [
        "x64"
      ],
      "license": "MIT",
      "optional": true,
      "os": [
        "win32"
      ],
      "engines": {
        "node": ">= 10"
      }
    },
    "node_modules/@simple-libs/child-process-utils": {
      "version": "1.0.2",
      "resolved": "http://repo.calsplatz.com:4873/@simple-libs%2fchild-process-utils/-/child-process-utils-1.0.2.tgz",
      "integrity": "sha512-/4R8QKnd/8agJynkNdJmNw2MBxuFTRcNFnE5Sg/G+jkSsV8/UBgULMzhizWWW42p8L5H7flImV2ATi79Ove2Tw==",
      "dev": true,
      "license": "MIT",
      "dependencies": {
        "@simple-libs/stream-utils": "^1.2.0"
      },
      "engines": {
        "node": ">=18"
      },
      "funding": {
        "url": "https://ko-fi.com/dangreen"
      }
    },
    "node_modules/@simple-libs/stream-utils": {
      "version": "1.2.0",
      "resolved": "http://repo.calsplatz.com:4873/@simple-libs%2fstream-utils/-/stream-utils-1.2.0.tgz",
      "integrity": "sha512-KxXvfapcixpz6rVEB6HPjOUZT22yN6v0vI0urQSk1L8MlEWPDFCZkhw2xmkyoTGYeFw7tWTZd7e3lVzRZRN/EA==",
      "dev": true,
      "license": "MIT",
      "engines": {
        "node": ">=18"
      },
      "funding": {
        "url": "https://ko-fi.com/dangreen"
      }
    },
    "node_modules/@types/normalize-package-data": {
      "version": "2.4.4",
      "resolved": "http://repo.calsplatz.com:4873/@types%2fnormalize-package-data/-/normalize-package-data-2.4.4.tgz",
      "integrity": "sha512-37i+OaWTh9qeK4LSHPsyRC7NahnGotNuZvjLSgcPzblpHB3rrCJxAOgI5gCdKm7coonsaX1Of0ILiTcnZjbfxA==",
      "dev": true,
      "license": "MIT"
    },
    "node_modules/@xterm/headless": {
      "version": "6.0.0",
      "resolved": "http://repo.calsplatz.com:4873/@xterm%2fheadless/-/headless-6.0.0.tgz",
      "integrity": "sha512-5Yj1QINYCyzrZtf8OFIHi47iQtI+0qYFPHmouEfG8dHNxbZ9Tb9YGSuLcsEwj9Z+OL75GJqPyJbyoFer80a2Hw==",
      "license": "MIT",
      "workspaces": [
        "addons/*"
      ]
    },
    "node_modules/add-stream": {
      "version": "1.0.0",
      "resolved": "http://repo.calsplatz.com:4873/add-stream/-/add-stream-1.0.0.tgz",
      "integrity": "sha1-anmQQ3ynNtXhKI25K9MmbV9csqo=",
      "dev": true,
      "license": "MIT"
    },
    "node_modules/array-ify": {
      "version": "1.0.0",
      "resolved": "http://repo.calsplatz.com:4873/array-ify/-/array-ify-1.0.0.tgz",
      "integrity": "sha1-nlKHYrSpBmrRY6aWKjZEGOlibs4=",
      "dev": true,
      "license": "MIT"
    },
    "node_modules/compare-func": {
      "version": "2.0.0",
      "resolved": "http://repo.calsplatz.com:4873/compare-func/-/compare-func-2.0.0.tgz",
      "integrity": "sha512-zHig5N+tPWARooBnb0Zx1MFcdfpyJrfTJ3Y5L+IFvUm8rM74hHz66z0gw0x4tijh5CorKkKUCnW82R2vmpeCRA==",
      "dev": true,
      "license": "MIT",
      "dependencies": {
        "array-ify": "^1.0.0",
        "dot-prop": "^5.1.0"
      }
    },
    "node_modules/conventional-changelog": {
      "version": "6.0.0",
      "resolved": "http://repo.calsplatz.com:4873/conventional-changelog/-/conventional-changelog-6.0.0.tgz",
      "integrity": "sha512-tuUH8H/19VjtD9Ig7l6TQRh+Z0Yt0NZ6w/cCkkyzUbGQTnUEmKfGtkC9gGfVgCfOL1Rzno5NgNF4KY8vR+Jo3w==",
      "dev": true,
      "license": "MIT",
      "dependencies": {
        "conventional-changelog-angular": "^8.0.0",
        "conventional-changelog-atom": "^5.0.0",
        "conventional-changelog-codemirror": "^5.0.0",
        "conventional-changelog-conventionalcommits": "^8.0.0",
        "conventional-changelog-core": "^8.0.0",
        "conventional-changelog-ember": "^5.0.0",
        "conventional-changelog-eslint": "^6.0.0",
        "conventional-changelog-express": "^5.0.0",
        "conventional-changelog-jquery": "^6.0.0",
        "conventional-changelog-jshint": "^5.0.0",
        "conventional-changelog-preset-loader": "^5.0.0"
      },
      "engines": {
        "node": ">=18"
      }
    },
    "node_modules/conventional-changelog-angular": {
      "version": "8.3.1",
      "resolved": "http://repo.calsplatz.com:4873/conventional-changelog-angular/-/conventional-changelog-angular-8.3.1.tgz",
      "integrity": "sha512-6gfI3otXK5Ph5DfCOI1dblr+kN3FAm5a97hYoQkqNZxOaYa5WKfXH+AnpsmS+iUH2mgVC2Cg2Qw9m5OKcmNrIg==",
      "dev": true,
      "license": "ISC",
      "dependencies": {
        "compare-func": "^2.0.0"
      },
      "engines": {
        "node": ">=18"
      }
    },
    "node_modules/conventional-changelog-atom": {
      "version": "5.1.0",
      "resolved": "http://repo.calsplatz.com:4873/conventional-changelog-atom/-/conventional-changelog-atom-5.1.0.tgz",
      "integrity": "sha512-fw7GpI9jHNCWGBnTsPRI452ypQbNupGwsjrXfozvRNE0c92pJRpoj9rXfzDKUYJcsmk0H4XKaQjhjelwI9z27w==",
      "dev": true,
      "license": "ISC",
      "engines": {
        "node": ">=18"
      }
    },
    "node_modules/conventional-changelog-cli": {
      "version": "5.0.0",
      "resolved": "http://repo.calsplatz.com:4873/conventional-changelog-cli/-/conventional-changelog-cli-5.0.0.tgz",
      "integrity": "sha512-9Y8fucJe18/6ef6ZlyIlT2YQUbczvoQZZuYmDLaGvcSBP+M6h+LAvf7ON7waRxKJemcCII8Yqu5/8HEfskTxJQ==",
      "dev": true,
      "license": "MIT",
      "dependencies": {
        "add-stream": "^1.0.0",
        "conventional-changelog": "^6.0.0",
        "meow": "^13.0.0",
        "tempfile": "^5.0.0"
      },
      "bin": {
        "conventional-changelog": "cli.js"
      },
      "engines": {
        "node": ">=18"
      }
    },
    "node_modules/conventional-changelog-codemirror": {
      "version": "5.1.0",
      "resolved": "http://repo.calsplatz.com:4873/conventional-changelog-codemirror/-/conventional-changelog-codemirror-5.1.0.tgz",
      "integrity": "sha512-iXhy63YczB+yWA9DrsYbquSYLvWKsK9M3WC+xQPEm8cOn4oXzKpmTp2uH3qi7+i10oTcGJTvq9lsBpZmMADaNg==",
      "dev": true,
      "license": "ISC",
      "engines": {
        "node": ">=18"
      }
    },
    "node_modules/conventional-changelog-conventionalcommits": {
      "version": "8.0.0",
      "resolved": "http://repo.calsplatz.com:4873/conventional-changelog-conventionalcommits/-/conventional-changelog-conventionalcommits-8.0.0.tgz",
      "integrity": "sha512-eOvlTO6OcySPyyyk8pKz2dP4jjElYunj9hn9/s0OB+gapTO8zwS9UQWrZ1pmF2hFs3vw1xhonOLGcGjy/zgsuA==",
      "dev": true,
      "license": "ISC",
      "dependencies": {
        "compare-func": "^2.0.0"
      },
      "engines": {
        "node": ">=18"
      }
    },
    "node_modules/conventional-changelog-core": {
      "version": "8.0.0",
      "resolved": "http://repo.calsplatz.com:4873/conventional-changelog-core/-/conventional-changelog-core-8.0.0.tgz",
      "integrity": "sha512-EATUx5y9xewpEe10UEGNpbSHRC6cVZgO+hXQjofMqpy+gFIrcGvH3Fl6yk2VFKh7m+ffenup2N7SZJYpyD9evw==",
      "dev": true,
      "license": "MIT",
      "dependencies": {
        "@hutson/parse-repository-url": "^5.0.0",
        "add-stream": "^1.0.0",
        "conventional-changelog-writer": "^8.0.0",
        "conventional-commits-parser": "^6.0.0",
        "git-raw-commits": "^5.0.0",
        "git-semver-tags": "^8.0.0",
        "hosted-git-info": "^7.0.0",
        "normalize-package-data": "^6.0.0",
        "read-package-up": "^11.0.0",
        "read-pkg": "^9.0.0"
      },
      "engines": {
        "node": ">=18"
      }
    },
    "node_modules/conventional-changelog-ember": {
      "version": "5.1.0",
      "resolved": "http://repo.calsplatz.com:4873/conventional-changelog-ember/-/conventional-changelog-ember-5.1.0.tgz",
      "integrity": "sha512-XNcgGcdJt7wh341BBML0CI8DKpqE5lKD1WahzFHGZFvKTzJr1rZW976cw7beqKLOBbzdrH9ZIkE/s2TfbOuM3g==",
      "dev": true,
      "license": "ISC",
      "engines": {
        "node": ">=18"
      }
    },
    "node_modules/conventional-changelog-eslint": {
      "version": "6.1.0",
      "resolved": "http://repo.calsplatz.com:4873/conventional-changelog-eslint/-/conventional-changelog-eslint-6.1.0.tgz",
      "integrity": "sha512-beWr3qzuEMN9gznMWa8PhTVfGkGXoq+XnUzViNXg5KygrgV728ZRqZngz3uPhz5+ayUhPrpNFYqIE0qHWz9NAw==",
      "dev": true,
      "license": "ISC",
      "engines": {
        "node": ">=18"
      }
    },
    "node_modules/conventional-changelog-express": {
      "version": "5.1.0",
      "resolved": "http://repo.calsplatz.com:4873/conventional-changelog-express/-/conventional-changelog-express-5.1.0.tgz",
      "integrity": "sha512-g/s9eLohrefYTSNQaB6+k0ONbiVx41YOKBbIOIM3ST/NtedAgppCJnrpKXVN9sOmpPkN4vjFwURlfvpEDUjoeg==",
      "dev": true,
      "license": "ISC",
      "engines": {
        "node": ">=18"
      }
    },
    "node_modules/conventional-changelog-jquery": {
      "version": "6.1.0",
      "resolved": "http://repo.calsplatz.com:4873/conventional-changelog-jquery/-/conventional-changelog-jquery-6.1.0.tgz",
      "integrity": "sha512-/sFhULybhFrMg+qc8MHHHSj7kTVMfx5C7rSM6Z9EjduVoAQJdGRq/wpv/SWPMQ+KPNSYHqDLwm/x2Z5hOcYvqQ==",
      "dev": true,
      "license": "ISC",
      "engines": {
        "node": ">=18"
      }
    },
    "node_modules/conventional-changelog-jshint": {
      "version": "5.2.0",
      "resolved": "http://repo.calsplatz.com:4873/conventional-changelog-jshint/-/conventional-changelog-jshint-5.2.0.tgz",
      "integrity": "sha512-OaatyvHXP1fjI7Mx0b1IkmhbhTsVHsytnsQSkOj4rhGbFMoTcfvbwm/vAtCzRMXOxojK1EDMBBmBj1pM9KNy/Q==",
      "dev": true,
      "license": "ISC",
      "dependencies": {
        "compare-func": "^2.0.0"
      },
      "engines": {
        "node": ">=18"
      }
    },
    "node_modules/conventional-changelog-preset-loader": {
      "version": "5.0.0",
      "resolved": "http://repo.calsplatz.com:4873/conventional-changelog-preset-loader/-/conventional-changelog-preset-loader-5.0.0.tgz",
      "integrity": "sha512-SetDSntXLk8Jh1NOAl1Gu5uLiCNSYenB5tm0YVeZKePRIgDW9lQImromTwLa3c/Gae298tsgOM+/CYT9XAl0NA==",
      "dev": true,
      "license": "MIT",
      "engines": {
        "node": ">=18"
      }
    },
    "node_modules/conventional-changelog-writer": {
      "version": "8.4.0",
      "resolved": "http://repo.calsplatz.com:4873/conventional-changelog-writer/-/conventional-changelog-writer-8.4.0.tgz",
      "integrity": "sha512-HHBFkk1EECxxmCi4CTu091iuDpQv5/OavuCUAuZmrkWpmYfyD816nom1CvtfXJ/uYfAAjavgHvXHX291tSLK8g==",
      "dev": true,
      "license": "MIT",
      "dependencies": {
        "@simple-libs/stream-utils": "^1.2.0",
        "conventional-commits-filter": "^5.0.0",
        "handlebars": "^4.7.7",
        "meow": "^13.0.0",
        "semver": "^7.5.2"
      },
      "bin": {
        "conventional-changelog-writer": "dist/cli/index.js"
      },
      "engines": {
        "node": ">=18"
      }
    },
    "node_modules/conventional-commits-filter": {
      "version": "5.0.0",
      "resolved": "http://repo.calsplatz.com:4873/conventional-commits-filter/-/conventional-commits-filter-5.0.0.tgz",
      "integrity": "sha512-tQMagCOC59EVgNZcC5zl7XqO30Wki9i9J3acbUvkaosCT6JX3EeFwJD7Qqp4MCikRnzS18WXV3BLIQ66ytu6+Q==",
      "dev": true,
      "license": "MIT",
      "engines": {
        "node": ">=18"
      }
    },
    "node_modules/conventional-commits-parser": {
      "version": "6.4.0",
      "resolved": "http://repo.calsplatz.com:4873/conventional-commits-parser/-/conventional-commits-parser-6.4.0.tgz",
      "integrity": "sha512-tvRg7FIBNlyPzjdG8wWRlPHQJJHI7DylhtRGeU9Lq+JuoPh5BKpPRX83ZdLrvXuOSu5Eo/e7SzOQhU4Hd2Miuw==",
      "dev": true,
      "license": "MIT",
      "dependencies": {
        "@simple-libs/stream-utils": "^1.2.0",
        "meow": "^13.0.0"
      },
      "bin": {
        "conventional-commits-parser": "dist/cli/index.js"
      },
      "engines": {
        "node": ">=18"
      }
    },
    "node_modules/dot-prop": {
      "version": "5.3.0",
      "resolved": "http://repo.calsplatz.com:4873/dot-prop/-/dot-prop-5.3.0.tgz",
      "integrity": "sha512-QM8q3zDe58hqUqjraQOmzZ1LIH9SWQJTlEKCH4kJ2oQvLZk7RbQXvtDM2XEq3fwkV9CCvvH4LA0AV+ogFsBM2Q==",
      "dev": true,
      "license": "MIT",
      "dependencies": {
        "is-obj": "^2.0.0"
      },
      "engines": {
        "node": ">=8"
      }
    },
    "node_modules/find-up-simple": {
      "version": "1.0.1",
      "resolved": "http://repo.calsplatz.com:4873/find-up-simple/-/find-up-simple-1.0.1.tgz",
      "integrity": "sha512-afd4O7zpqHeRyg4PfDQsXmlDe2PfdHtJt6Akt8jOWaApLOZk5JXs6VMR29lz03pRe9mpykrRCYIYxaJYcfpncQ==",
      "dev": true,
      "license": "MIT",
      "engines": {
        "node": ">=18"
      },
      "funding": {
        "url": "https://github.com/sponsors/sindresorhus"
      }
    },
    "node_modules/git-raw-commits": {
      "version": "5.0.1",
      "resolved": "http://repo.calsplatz.com:4873/git-raw-commits/-/git-raw-commits-5.0.1.tgz",
      "integrity": "sha512-Y+csSm2GD/PCSh6Isd/WiMjNAydu0VBiG9J7EdQsNA5P9uXvLayqjmTsNlK5Gs9IhblFZqOU0yid5Il5JPoLiQ==",
      "dev": true,
      "license": "MIT",
      "dependencies": {
        "@conventional-changelog/git-client": "^2.6.0",
        "meow": "^13.0.0"
      },
      "bin": {
        "git-raw-commits": "src/cli.js"
      },
      "engines": {
        "node": ">=18"
      }
    },
    "node_modules/git-semver-tags": {
      "version": "8.0.1",
      "resolved": "http://repo.calsplatz.com:4873/git-semver-tags/-/git-semver-tags-8.0.1.tgz",
      "integrity": "sha512-zMbamckSNdlT4U48IMFa2Cn6FTzM+2yF6/gEmStPJI8PiLxd/bT6dw10+mc6u5Qe4fhrc/y9nU290FWjQhAV7g==",
      "dev": true,
      "license": "MIT",
      "dependencies": {
        "@conventional-changelog/git-client": "^2.6.0",
        "meow": "^13.0.0"
      },
      "bin": {
        "git-semver-tags": "src/cli.js"
      },
      "engines": {
        "node": ">=18"
      }
    },
    "node_modules/handlebars": {
      "version": "4.7.9",
      "resolved": "http://repo.calsplatz.com:4873/handlebars/-/handlebars-4.7.9.tgz",
      "integrity": "sha512-4E71E0rpOaQuJR2A3xDZ+GM1HyWYv1clR58tC8emQNeQe3RH7MAzSbat+V0wG78LQBo6m6bzSG/L4pBuCsgnUQ==",
      "dev": true,
      "license": "MIT",
      "dependencies": {
        "minimist": "^1.2.5",
        "neo-async": "^2.6.2",
        "source-map": "^0.6.1",
        "wordwrap": "^1.0.0"
      },
      "bin": {
        "handlebars": "bin/handlebars"
      },
      "engines": {
        "node": ">=0.4.7"
      },
      "optionalDependencies": {
        "uglify-js": "^3.1.4"
      }
    },
    "node_modules/hosted-git-info": {
      "version": "7.0.2",
      "resolved": "http://repo.calsplatz.com:4873/hosted-git-info/-/hosted-git-info-7.0.2.tgz",
      "integrity": "sha512-puUZAUKT5m8Zzvs72XWy3HtvVbTWljRE66cP60bxJzAqf2DgICo7lYTY2IHUmLnNpjYvw5bvmoHvPc0QO2a62w==",
      "dev": true,
      "license": "ISC",
      "dependencies": {
        "lru-cache": "^10.0.1"
      },
      "engines": {
        "node": "^16.14.0 || >=18.0.0"
      }
    },
    "node_modules/index-to-position": {
      "version": "1.2.0",
      "resolved": "http://repo.calsplatz.com:4873/index-to-position/-/index-to-position-1.2.0.tgz",
      "integrity": "sha512-Yg7+ztRkqslMAS2iFaU+Oa4KTSidr63OsFGlOrJoW981kIYO3CGCS3wA95P1mUi/IVSJkn0D479KTJpVpvFNuw==",
      "dev": true,
      "license": "MIT",
      "engines": {
        "node": ">=18"
      },
      "funding": {
        "url": "https://github.com/sponsors/sindresorhus"
      }
    },
    "node_modules/is-obj": {
      "version": "2.0.0",
      "resolved": "http://repo.calsplatz.com:4873/is-obj/-/is-obj-2.0.0.tgz",
      "integrity": "sha512-drqDG3cbczxxEJRoOXcOjtdp1J/lyp1mNn0xaznRs8+muBhgQcrnbspox5X5fOw0HnMnbfDzvnEMEtqDEJEo8w==",
      "dev": true,
      "license": "MIT",
      "engines": {
        "node": ">=8"
      }
    },
    "node_modules/js-tokens": {
      "version": "4.0.0",
      "resolved": "http://repo.calsplatz.com:4873/js-tokens/-/js-tokens-4.0.0.tgz",
      "integrity": "sha512-RdJUflcE3cUzKiMqQgsCu06FPu9UdIJO0beYbPhHN4k6apgJtifcoCtT9bcxOpYBtpD2kCM6Sbzg4CausW/PKQ==",
      "dev": true,
      "license": "MIT"
    },
    "node_modules/lru-cache": {
      "version": "10.4.3",
      "resolved": "http://repo.calsplatz.com:4873/lru-cache/-/lru-cache-10.4.3.tgz",
      "integrity": "sha512-JNAzZcXrCt42VGLuYz0zfAzDfAvJWW6AfYlDBQyDV5DClI2m5sAmK+OIO7s59XfsRsWHp02jAJrRadPRGTt6SQ==",
      "dev": true,
      "license": "ISC"
    },
    "node_modules/meow": {
      "version": "13.2.0",
      "resolved": "http://repo.calsplatz.com:4873/meow/-/meow-13.2.0.tgz",
      "integrity": "sha512-pxQJQzB6djGPXh08dacEloMFopsOqGVRKFPYvPOt9XDZ1HasbgDZA74CJGreSU4G3Ak7EFJGoiH2auq+yXISgA==",
      "dev": true,
      "license": "MIT",
      "engines": {
        "node": ">=18"
      },
      "funding": {
        "url": "https://github.com/sponsors/sindresorhus"
      }
    },
    "node_modules/minimist": {
      "version": "1.2.8",
      "resolved": "http://repo.calsplatz.com:4873/minimist/-/minimist-1.2.8.tgz",
      "integrity": "sha512-2yyAR8qBkN3YuheJanUpWC5U3bb5osDywNB8RzDVlDwDHbocAJveqqj1u8+SVD7jkWT4yvsHCpWqqWqAxb0zCA==",
      "dev": true,
      "license": "MIT",
      "funding": {
        "url": "https://github.com/sponsors/ljharb"
      }
    },
    "node_modules/neo-async": {
      "version": "2.6.2",
      "resolved": "http://repo.calsplatz.com:4873/neo-async/-/neo-async-2.6.2.tgz",
      "integrity": "sha512-Yd3UES5mWCSqR+qNT93S3UoYUkqAZ9lLg8a7g9rimsWmYGK8cVToA4/sF3RrshdyV3sAGMXVUmpMYOw+dLpOuw==",
      "dev": true,
      "license": "MIT"
    },
    "node_modules/node-addon-api": {
      "version": "7.1.1",
      "resolved": "http://repo.calsplatz.com:4873/node-addon-api/-/node-addon-api-7.1.1.tgz",
      "integrity": "sha512-5m3bsyrjFWE1xf7nz7YXdN4udnVtXK6/Yfgn5qnahL6bCkf2yKt4k3nuTKAtT4r3IG8JNR2ncsIMdZuAzJjHQQ==",
      "license": "MIT",
      "optional": true
    },
    "node_modules/node-pty": {
      "version": "1.1.0",
      "resolved": "http://repo.calsplatz.com:4873/node-pty/-/node-pty-1.1.0.tgz",
      "integrity": "sha512-20JqtutY6JPXTUnL0ij1uad7Qe1baT46lyolh2sSENDd4sTzKZ4nmAFkeAARDKwmlLjPx6XKRlwRUxwjOy+lUg==",
      "hasInstallScript": true,
      "license": "MIT",
      "optional": true,
      "dependencies": {
        "node-addon-api": "^7.1.0"
      }
    },
    "node_modules/normalize-package-data": {
      "version": "6.0.2",
      "resolved": "http://repo.calsplatz.com:4873/normalize-package-data/-/normalize-package-data-6.0.2.tgz",
      "integrity": "sha512-V6gygoYb/5EmNI+MEGrWkC+e6+Rr7mTmfHrxDbLzxQogBkgzo76rkok0Am6thgSF7Mv2nLOajAJj5vDJZEFn7g==",
      "dev": true,
      "license": "BSD-2-Clause",
      "dependencies": {
        "hosted-git-info": "^7.0.0",
        "semver": "^7.3.5",
        "validate-npm-package-license": "^3.0.4"
      },
      "engines": {
        "node": "^16.14.0 || >=18.0.0"
      }
    },
    "node_modules/parse-json": {
      "version": "8.3.0",
      "resolved": "http://repo.calsplatz.com:4873/parse-json/-/parse-json-8.3.0.tgz",
      "integrity": "sha512-ybiGyvspI+fAoRQbIPRddCcSTV9/LsJbf0e/S85VLowVGzRmokfneg2kwVW/KU5rOXrPSbF1qAKPMgNTqqROQQ==",
      "dev": true,
      "license": "MIT",
      "dependencies": {
        "@babel/code-frame": "^7.26.2",
        "index-to-position": "^1.1.0",
        "type-fest": "^4.39.1"
      },
      "engines": {
        "node": ">=18"
      },
      "funding": {
        "url": "https://github.com/sponsors/sindresorhus"
      }
    },
    "node_modules/picocolors": {
      "version": "1.1.1",
      "resolved": "http://repo.calsplatz.com:4873/picocolors/-/picocolors-1.1.1.tgz",
      "integrity": "sha512-xceH2snhtb5M9liqDsmEw56le376mTZkEX/jEb/RxNFyegNul7eNslCXP9FDj/Lcu0X8KEyMceP2ntpaHrDEVA==",
      "dev": true,
      "license": "ISC"
    },
    "node_modules/read-package-up": {
      "version": "11.0.0",
      "resolved": "http://repo.calsplatz.com:4873/read-package-up/-/read-package-up-11.0.0.tgz",
      "integrity": "sha512-MbgfoNPANMdb4oRBNg5eqLbB2t2r+o5Ua1pNt8BqGp4I0FJZhuVSOj3PaBPni4azWuSzEdNn2evevzVmEk1ohQ==",
      "dev": true,
      "license": "MIT",
      "dependencies": {
        "find-up-simple": "^1.0.0",
        "read-pkg": "^9.0.0",
        "type-fest": "^4.6.0"
      },
      "engines": {
        "node": ">=18"
      },
      "funding": {
        "url": "https://github.com/sponsors/sindresorhus"
      }
    },
    "node_modules/read-pkg": {
      "version": "9.0.1",
      "resolved": "http://repo.calsplatz.com:4873/read-pkg/-/read-pkg-9.0.1.tgz",
      "integrity": "sha512-9viLL4/n1BJUCT1NXVTdS1jtm80yDEgR5T4yCelII49Mbj0v1rZdKqj7zCiYdbB0CuCgdrvHcNogAKTFPBocFA==",
      "dev": true,
      "license": "MIT",
      "dependencies": {
        "@types/normalize-package-data": "^2.4.3",
        "normalize-package-data": "^6.0.0",
        "parse-json": "^8.0.0",
        "type-fest": "^4.6.0",
        "unicorn-magic": "^0.1.0"
      },
      "engines": {
        "node": ">=18"
      },
      "funding": {
        "url": "https://github.com/sponsors/sindresorhus"
      }
    },
    "node_modules/semver": {
      "version": "7.8.5",
      "resolved": "http://repo.calsplatz.com:4873/semver/-/semver-7.8.5.tgz",
      "integrity": "sha512-Y7/KDsb8LjooZpwaqGyulO6DQlksgCncchHGk+sZIY4SBvUocMBEFH5Ur1fI4dV+Jvl0w6cjvucaIi40puRioA==",
      "dev": true,
      "license": "ISC",
      "bin": {
        "semver": "bin/semver.js"
      },
      "engines": {
        "node": ">=10"
      }
    },
    "node_modules/source-map": {
      "version": "0.6.1",
      "resolved": "http://repo.calsplatz.com:4873/source-map/-/source-map-0.6.1.tgz",
      "integrity": "sha512-UjgapumWlbMhkBgzT7Ykc5YXUT46F0iKu8SGXq0bcwP5dz/h0Plj6enJqjz1Zbq2l5WaqYnrVbwWOWMyF3F47g==",
      "dev": true,
      "license": "BSD-3-Clause",
      "engines": {
        "node": ">=0.10.0"
      }
    },
    "node_modules/spdx-correct": {
      "version": "3.2.0",
      "resolved": "http://repo.calsplatz.com:4873/spdx-correct/-/spdx-correct-3.2.0.tgz",
      "integrity": "sha512-kN9dJbvnySHULIluDHy32WHRUu3Og7B9sbY7tsFLctQkIqnMh3hErYgdMjTYuqmcXX+lK5T1lnUt3G7zNswmZA==",
      "dev": true,
      "license": "Apache-2.0",
      "dependencies": {
        "spdx-expression-parse": "^3.0.0",
        "spdx-license-ids": "^3.0.0"
      }
    },
    "node_modules/spdx-exceptions": {
      "version": "2.5.0",
      "resolved": "http://repo.calsplatz.com:4873/spdx-exceptions/-/spdx-exceptions-2.5.0.tgz",
      "integrity": "sha512-PiU42r+xO4UbUS1buo3LPJkjlO7430Xn5SVAhdpzzsPHsjbYVflnnFdATgabnLude+Cqu25p6N+g2lw/PFsa4w==",
      "dev": true,
      "license": "CC-BY-3.0"
    },
    "node_modules/spdx-expression-parse": {
      "version": "3.0.1",
      "resolved": "http://repo.calsplatz.com:4873/spdx-expression-parse/-/spdx-expression-parse-3.0.1.tgz",
      "integrity": "sha512-cbqHunsQWnJNE6KhVSMsMeH5H/L9EpymbzqTQ3uLwNCLZ1Q481oWaofqH7nO6V07xlXwY6PhQdQ2IedWx/ZK4Q==",
      "dev": true,
      "license": "MIT",
      "dependencies": {
        "spdx-exceptions": "^2.1.0",
        "spdx-license-ids": "^3.0.0"
      }
    },
    "node_modules/spdx-license-ids": {
      "version": "3.0.23",
      "resolved": "http://repo.calsplatz.com:4873/spdx-license-ids/-/spdx-license-ids-3.0.23.tgz",
      "integrity": "sha512-CWLcCCH7VLu13TgOH+r8p1O/Znwhqv/dbb6lqWy67G+pT1kHmeD/+V36AVb/vq8QMIQwVShJ6Ssl5FPh0fuSdw==",
      "dev": true,
      "license": "CC0-1.0"
    },
    "node_modules/temp-dir": {
      "version": "3.0.0",
      "resolved": "http://repo.calsplatz.com:4873/temp-dir/-/temp-dir-3.0.0.tgz",
      "integrity": "sha512-nHc6S/bwIilKHNRgK/3jlhDoIHcp45YgyiwcAk46Tr0LfEqGBVpmiAyuiuxeVE44m3mXnEeVhaipLOEWmH+Njw==",
      "dev": true,
      "license": "MIT",
      "engines": {
        "node": ">=14.16"
      }
    },
    "node_modules/tempfile": {
      "version": "5.0.0",
      "resolved": "http://repo.calsplatz.com:4873/tempfile/-/tempfile-5.0.0.tgz",
      "integrity": "sha512-bX655WZI/F7EoTDw9JvQURqAXiPHi8o8+yFxPF2lWYyz1aHnmMRuXWqL6YB6GmeO0o4DIYWHLgGNi/X64T+X4Q==",
      "dev": true,
      "license": "MIT",
      "dependencies": {
        "temp-dir": "^3.0.0"
      },
      "engines": {
        "node": ">=14.18"
      },
      "funding": {
        "url": "https://github.com/sponsors/sindresorhus"
      }
    },
    "node_modules/type-fest": {
      "version": "4.41.0",
      "resolved": "http://repo.calsplatz.com:4873/type-fest/-/type-fest-4.41.0.tgz",
      "integrity": "sha512-TeTSQ6H5YHvpqVwBRcnLDCBnDOHWYu7IvGbHT6N8AOymcr9PJGjc1GTtiWZTYg0NCgYwvnYWEkVChQAr9bjfwA==",
      "dev": true,
      "license": "(MIT OR CC0-1.0)",
      "engines": {
        "node": ">=16"
      },
      "funding": {
        "url": "https://github.com/sponsors/sindresorhus"
      }
    },
    "node_modules/uglify-js": {
      "version": "3.19.3",
      "resolved": "http://repo.calsplatz.com:4873/uglify-js/-/uglify-js-3.19.3.tgz",
      "integrity": "sha512-v3Xu+yuwBXisp6QYTcH4UbH+xYJXqnq2m/LtQVWKWzYc1iehYnLixoQDN9FH6/j9/oybfd6W9Ghwkl8+UMKTKQ==",
      "dev": true,
      "license": "BSD-2-Clause",
      "optional": true,
      "bin": {
        "uglifyjs": "bin/uglifyjs"
      },
      "engines": {
        "node": ">=0.8.0"
      }
    },
    "node_modules/unicorn-magic": {
      "version": "0.1.0",
      "resolved": "http://repo.calsplatz.com:4873/unicorn-magic/-/unicorn-magic-0.1.0.tgz",
      "integrity": "sha512-lRfVq8fE8gz6QMBuDM6a+LO3IAzTi05H6gCVaUpir2E1Rwpo4ZUog45KpNXKC/Mn3Yb9UDuHumeFTo9iV/D9FQ==",
      "dev": true,
      "license": "MIT",
      "engines": {
        "node": ">=18"
      },
      "funding": {
        "url": "https://github.com/sponsors/sindresorhus"
      }
    },
    "node_modules/validate-npm-package-license": {
      "version": "3.0.4",
      "resolved": "http://repo.calsplatz.com:4873/validate-npm-package-license/-/validate-npm-package-license-3.0.4.tgz",
      "integrity": "sha512-DpKm2Ui/xN7/HQKCtpZxoRWBhZ9Z0kqtygG8XCgNQ8ZlDnxuQmWhj566j8fN4Cu3/JmbhsDo7fcAJq4s9h27Ew==",
      "dev": true,
      "license": "Apache-2.0",
      "dependencies": {
        "spdx-correct": "^3.0.0",
        "spdx-expression-parse": "^3.0.0"
      }
    },
    "node_modules/wordwrap": {
      "version": "1.0.0",
      "resolved": "http://repo.calsplatz.com:4873/wordwrap/-/wordwrap-1.0.0.tgz",
      "integrity": "sha1-J1hIEIkUVqQXHI0CJkQa3pDLyus=",
      "dev": true,
      "license": "MIT"
    }
  }
}
